
Microsoft Visual Studio Solution File, Format Version 12.00
# Visual Studio Version 17
VisualStudioVersion = 17.12.35707.178
MinimumVisualStudioVersion = 10.0.40219.1
Project("{2150E333-8FDC-42A3-9474-1A3956D46DE8}") = "Lesson_02", "Lesson_02", "{1015E192-1C88-44FA-8C9A-15007D4CA769}"
EndProject
Project("{FAE04EC0-301F-11D3-BF4B-00C04F79EFBC}") = "Task_02_02", "Task_02_02\Task_02_02.csproj", "{F019243D-9E91-484D-8CD6-E815D0C810A6}"
EndProject
Project("{FAE04EC0-301F-11D3-BF4B-00C04F79EFBC}") = "Task_02_04", "Task_02_04\Task_02_04.csproj", "{0E5A9D61-1CF7-4649-9C06-CA09841A0621}"
EndProject
Project("{2150E333-8FDC-42A3-9474-1A3956D46DE8}") = "Lesson_03", "Lesson_03", "{133ABD85-331B-414A-9C19-94C1C3D53221}"
EndProject
Project("{FAE04EC0-301F-11D3-BF4B-00C04F79EFBC}") = "Task_03_04", "Task_03_04\Task_03_04.csproj", "{AA8959D7-1D30-422D-BAC8-B8ACBB6B76C0}"
EndProject
Project("{FAE04EC0-301F-11D3-BF4B-00C04F79EFBC}") = "Task_03_05", "Task_03_05\Task_03_05.csproj", "{2454BC6F-1531-4C4A-B1A1-CCC1A2E688B3}"
EndProject
Project("{FAE04EC0-301F-11D3-BF4B-00C04F79EFBC}") = "Task_03_06", "Task_03_06\Task_03_06.csproj", "{6C84E82D-F1F9-4B34-AD97-F8072481744D}"
EndProject
Project("{FAE04EC0-301F-11D3-BF4B-00C04F79EFBC}") = "Task_03_07", "Task_03_07\Task_03_07.csproj", "{8C5D8999-8B2F-4C1C-A5AB-75C95BF99F6F}"
EndProject
Project("{FAE04EC0-301F-11D3-BF4B-00C04F79EFBC}") = "Task_03_08", "Task_03_08\Task_03_08.csproj", "{A42A5AA8-C72F-442F-9FF6-98A2AFABF23D}"
EndProject
Project("{FAE04EC0-301F-11D3-BF4B-00C04F79EFBC}") = "Task_03_09", "Task_03_09\Task_03_09.csproj", "{FE07C239-F59E-4544-8FD8-4E7B1147D6C0}"
EndProject
Project("{2150E333-8FDC-42A3-9474-1A3956D46DE8}") = "Lesson_04", "Lesson_04", "{3405F661-0E32-42D6-81DF-5FCB4A3869B2}"
EndProject
Project("{FAE04EC0-301F-11D3-BF4B-00C04F79EFBC}") = "Task_04_05", "Task_04_05\Task_04_05.csproj", "{818B6C32-4069-400E-8639-7C02FEF7CF78}"
EndProject
Project("{FAE04EC0-301F-11D3-BF4B-00C04F79EFBC}") = "Task_04_06", "Task_04_06\Task_04_06.csproj", "{AC834AE0-9206-4D57-A63A-96F1B05E12FE}"
EndProject
Project("{FAE04EC0-301F-11D3-BF4B-00C04F79EFBC}") = "Task_04_07", "Task_04_07\Task_04_07.csproj", "{1ADC525E-3F51-4116-9D9E-9FC3718FDA53}"
EndProject
Project("{FAE04EC0-301F-11D3-BF4B-00C04F79EFBC}") = "Task_04_08", "Task_04_08\Task_04_08.csproj", "{7F2B71FD-6ACB-4290-821B-8CEABEA16EF8}"
EndProject
Project("{FAE04EC0-301F-11D3-BF4B-00C04F79EFBC}") = "Task_04_09", "Task_04_09\Task_04_09.csproj", "{5FDE3494-87FC-41C2-8075-4980F431F971}"
EndProject
Project("{FAE04EC0-301F-11D3-BF4B-00C04F79EFBC}") = "Task_04_10", "Task_04_10\Task_04_10.csproj", "{C3F8E50E-5E58-47EB-BCD2-61EA8A82874E}"
EndProject
Project("{2150E333-8FDC-42A3-9474-1A3956D46DE8}") = "Lesson_05", "Lesson_05", "{F084F081-0924-4F24-98F1-224CAE16369C}"
EndProject
Project("{FAE04EC0-301F-11D3-BF4B-00C04F79EFBC}") = "Task_05_03", "Task_05_03\Task_05_03.csproj", "{DA029A9D-12F8-4F92-8A52-5DEB19FDD699}"
EndProject
Project("{FAE04EC0-301F-11D3-BF4B-00C04F79EFBC}") = "Task_05_04", "Task_05_04\Task_05_04.csproj", "{F72C9942-EFAD-4E91-B1B1-5C74477037D7}"
EndProject
Project("{FAE04EC0-301F-11D3-BF4B-00C04F79EFBC}") = "Task_05_05", "Task_05_05\Task_05_05.csproj", "{A0DA2E42-D2AF-489F-849F-B2E51011D458}"
EndProject
Project("{FAE04EC0-301F-11D3-BF4B-00C04F79EFBC}") = "Task_05_06", "Task_05_06\Task_05_06.csproj", "{B6439DBF-69C9-4BA4-A6D7-80E28758D265}"
EndProject
Project("{FAE04EC0-301F-11D3-BF4B-00C04F79EFBC}") = "Task_05_07", "Task_05_07\Task_05_07.csproj", "{6B105EB9-7692-420C-AB04-63D76481DDED}"
EndProject
Project("{FAE04EC0-301F-11D3-BF4B-00C04F79EFBC}") = "Task_05_08", "Task_05_08\Task_05_08.csproj", "{836036BF-16F8-47D8-8197-BBD8A87D98B4}"
EndProject
Project("{FAE04EC0-301F-11D3-BF4B-00C04F79EFBC}") = "Task_05_09", "Task_05_09\Task_05_09.csproj", "{F6005D9F-1EB6-40F6-BD12-9D8BE712AD3A}"
EndProject
Project("{2150E333-8FDC-42A3-9474-1A3956D46DE8}") = "Lesson_10", "Lesson_10", "{B64CBD7C-0821-4BB1-896E-D3DA0532FEFF}"
EndProject
Project("{FAE04EC0-301F-11D3-BF4B-00C04F79EFBC}") = "Task_10_06", "Task_10_06\Task_10_06.csproj", "{200BBABC-8D4E-47F2-BFA6-8849A6D2230C}"
EndProject
Project("{FAE04EC0-301F-11D3-BF4B-00C04F79EFBC}") = "Task_10_07", "Task_10_07\Task_10_07.csproj", "{FBA2CA58-8A5A-4DD2-B38E-062DA3468264}"
EndProject
Project("{FAE04EC0-301F-11D3-BF4B-00C04F79EFBC}") = "Task_10_08", "Task_10_08\Task_10_08.csproj", "{6BFE7E15-B90C-441B-A8C3-073727C363EE}"
EndProject
Project("{2150E333-8FDC-42A3-9474-1A3956D46DE8}") = "Lesson_11", "Lesson_11", "{80D0244A-0BA1-4EA0-9CDD-A3C4D23721A7}"
EndProject
Project("{FAE04EC0-301F-11D3-BF4B-00C04F79EFBC}") = "Task_11_01", "Task_11_01\Task_11_01.csproj", "{EE7B9EB6-CBE3-467E-91E0-616ECD14DF88}"
EndProject
Project("{FAE04EC0-301F-11D3-BF4B-00C04F79EFBC}") = "Task_11_02", "Task_11_02\Task_11_02.csproj", "{753E9277-1438-49C7-AE61-1C4ADCE19C0E}"
EndProject
Project("{FAE04EC0-301F-11D3-BF4B-00C04F79EFBC}") = "Task_11_03", "Task_11_03\Task_11_03.csproj", "{D39E4159-46C7-4979-BA45-E342702DA4B7}"
EndProject
Project("{FAE04EC0-301F-11D3-BF4B-00C04F79EFBC}") = "Task_11_04", "Task_11_04\Task_11_04.csproj", "{479EE591-668C-42A9-9678-8C91D6586658}"
EndProject
Project("{FAE04EC0-301F-11D3-BF4B-00C04F79EFBC}") = "Task_11_05", "Task_11_05\Task_11_05.csproj", "{881087E9-108A-4869-932E-EB2878CE7CEA}"
EndProject
Project("{FAE04EC0-301F-11D3-BF4B-00C04F79EFBC}") = "Task_11_06", "Task_11_06\Task_11_06.csproj", "{D7CC77C4-C9C0-4450-AE33-8668E34C11B5}"
EndProject
Project("{FAE04EC0-301F-11D3-BF4B-00C04F79EFBC}") = "Task_11_07", "Task_11_07\Task_11_07.csproj", "{E2FC3FC1-9CB4-4948-8DC2-DEC5A906D576}"
EndProject
Project("{FAE04EC0-301F-11D3-BF4B-00C04F79EFBC}") = "Task_11_08", "Task_11_08\Task_11_08.csproj", "{FF589BB0-406C-43D3-88AC-1A71245AC5AD}"
EndProject
Project("{2150E333-8FDC-42A3-9474-1A3956D46DE8}") = "Lesson_13", "Lesson_13", "{39894AC2-1989-44D5-859F-9C30FB51A9D7}"
EndProject
Project("{FAE04EC0-301F-11D3-BF4B-00C04F79EFBC}") = "Task_13_02", "Task_13_02\Task_13_02.csproj", "{188D5792-519C-4EA3-9A7F-39701C11FB9E}"
EndProject
Project("{FAE04EC0-301F-11D3-BF4B-00C04F79EFBC}") = "Task_13_03", "Task_13_03\Task_13_03.csproj", "{3E2C5170-9499-4F2E-B73C-E4AFB095EFBA}"
EndProject
Project("{2150E333-8FDC-42A3-9474-1A3956D46DE8}") = "Lesson_14", "Lesson_14", "{39781985-64F8-49DB-B2B2-BB1543875180}"
EndProject
Project("{FAE04EC0-301F-11D3-BF4B-00C04F79EFBC}") = "Task_14_03", "Task_14_03\Task_14_03.csproj", "{1801388C-BB8F-45C5-828F-1D843FB79145}"
EndProject
Project("{FAE04EC0-301F-11D3-BF4B-00C04F79EFBC}") = "Task_14_04", "Task_14_04\Task_14_04.csproj", "{94B2AA7B-4EAC-4BEE-A9BF-BC16C626A614}"
EndProject
Project("{2150E333-8FDC-42A3-9474-1A3956D46DE8}") = "Lesson_19", "Lesson_19", "{0D6F95FD-6B5C-4B83-9E6F-F5725AC4EB04}"
EndProject
Project("{FAE04EC0-301F-11D3-BF4B-00C04F79EFBC}") = "Task_19_01", "Task_19_01\Task_19_01.csproj", "{994D61E3-97F3-48C7-947D-30903F9B4C88}"
EndProject
Project("{FAE04EC0-301F-11D3-BF4B-00C04F79EFBC}") = "Task_19_02", "Task_19_02\Task_19_02.csproj", "{279A7683-7511-44D8-9AFB-B57FD1F0F860}"
EndProject
Project("{FAE04EC0-301F-11D3-BF4B-00C04F79EFBC}") = "Task_19_03", "Task_19_03\Task_19_03.csproj", "{E90FFD21-4324-4D52-BC76-F39C117CF3FD}"
EndProject
Project("{2150E333-8FDC-42A3-9474-1A3956D46DE8}") = "Lesson_20", "Lesson_20", "{D0765A93-5551-4F6A-B7F4-6A68C7F0971B}"
EndProject
Project("{FAE04EC0-301F-11D3-BF4B-00C04F79EFBC}") = "Task_20_04", "Task_20_04\Task_20_04.csproj", "{431EBE10-7393-4AFA-BCCC-364888BCCC55}"
EndProject
Project("{FAE04EC0-301F-11D3-BF4B-00C04F79EFBC}") = "Task_20_05", "Task_20_05\Task_20_05.csproj", "{132A3534-0396-42A1-98E5-4C0C5D43A3C1}"
EndProject
Project("{FAE04EC0-301F-11D3-BF4B-00C04F79EFBC}") = "Task_20_06", "Task_20_06\Task_20_06.csproj", "{2C2AEAC8-322F-44F7-A64F-46539EE18D2D}"
EndProject
Project("{2150E333-8FDC-42A3-9474-1A3956D46DE8}") = "Lesson_21", "Lesson_21", "{BD3BDAA1-FE02-4786-BAD9-6777350A4273}"
EndProject
Project("{FAE04EC0-301F-11D3-BF4B-00C04F79EFBC}") = "Task_21_06", "Task_21_06\Task_21_06.csproj", "{9308DA35-AF15-452D-BB02-76C6AFCC8822}"
EndProject
Project("{FAE04EC0-301F-11D3-BF4B-00C04F79EFBC}") = "Task_21_07", "Task_21_07\Task_21_07.csproj", "{E3943997-DF46-4BDD-B432-5772852B4DF3}"
EndProject
Project("{FAE04EC0-301F-11D3-BF4B-00C04F79EFBC}") = "Task_21_08", "Task_21_08\Task_21_08.csproj", "{134E65B6-A749-4975-9986-53BF73BEB968}"
EndProject
Project("{FAE04EC0-301F-11D3-BF4B-00C04F79EFBC}") = "Task_21_09", "Task_21_09\Task_21_09.csproj", "{ABA0DA06-E49F-4CE0-90C7-567BECB9F838}"
EndProject
Project("{FAE04EC0-301F-11D3-BF4B-00C04F79EFBC}") = "Task_21_10", "Task_21_10\Task_21_10.csproj", "{7A9292F1-3DAB-460D-B81B-565AB93C5417}"
EndProject
Project("{2150E333-8FDC-42A3-9474-1A3956D46DE8}") = "Lesson_23", "Lesson_23", "{2E783A5E-6E06-4BA1-B2AD-5FC2CB22C60C}"
EndProject
Project("{FAE04EC0-301F-11D3-BF4B-00C04F79EFBC}") = "Task_23_06", "Task_23_06\Task_23_06.csproj", "{B05674B7-3284-41CC-979C-B24EBC083D49}"
EndProject
Project("{2150E333-8FDC-42A3-9474-1A3956D46DE8}") = "Lesson_24", "Lesson_24", "{4D21F616-0DA9-4C17-8DC0-6B22BED017B9}"
EndProject
Project("{FAE04EC0-301F-11D3-BF4B-00C04F79EFBC}") = "Task_24_06", "Task_24_06\Task_24_06.csproj", "{18396DF3-670A-494E-98AD-46FD121F1D3A}"
EndProject
Project("{FAE04EC0-301F-11D3-BF4B-00C04F79EFBC}") = "Task_24_07", "Task_24_07\Task_24_07.csproj", "{B4868CF8-588F-4199-91B4-F9BE868A0F06}"
EndProject
Project("{FAE04EC0-301F-11D3-BF4B-00C04F79EFBC}") = "Task_24_08", "Task_24_08\Task_24_08.csproj", "{039ADC4D-D6B6-465B-A115-E1A81B6E2DC4}"
EndProject
Project("{2150E333-8FDC-42A3-9474-1A3956D46DE8}") = "ПЗ_03", "ПЗ_03", "{91D1137E-856C-45A6-B76A-95D9822A117F}"
EndProject
Project("{FAE04EC0-301F-11D3-BF4B-00C04F79EFBC}") = "ПЗ_03", "ПЗ_03\ПЗ_03.csproj", "{0DF70ABB-0D48-42FD-83C3-13CA7C92DCA6}"
EndProject
Project("{2150E333-8FDC-42A3-9474-1A3956D46DE8}") = "Lesson_32", "Lesson_32", "{0377B403-EFD2-4AE1-8C7C-6A83592A8E8F}"
EndProject
Project("{FAE04EC0-301F-11D3-BF4B-00C04F79EFBC}") = "Task_32_01", "Task_32_01\Task_32_01.csproj", "{3952959F-E124-40C2-8D5C-49770170F80E}"
EndProject
Project("{2150E333-8FDC-42A3-9474-1A3956D46DE8}") = "Lesson_33", "Lesson_33", "{9CBEA6BD-4202-4E1E-99EB-83E17DCB480B}"
EndProject
Project("{FAE04EC0-301F-11D3-BF4B-00C04F79EFBC}") = "Task_33_01", "Task_33_01\Task_33_01.csproj", "{F0C8A1FC-356A-44CD-88F1-C1D40897CCB1}"
EndProject
Global
	GlobalSection(SolutionConfigurationPlatforms) = preSolution
		Debug|Any CPU = Debug|Any CPU
		Release|Any CPU = Release|Any CPU
	EndGlobalSection
	GlobalSection(ProjectConfigurationPlatforms) = postSolution
		{F019243D-9E91-484D-8CD6-E815D0C810A6}.Debug|Any CPU.ActiveCfg = Debug|Any CPU
		{F019243D-9E91-484D-8CD6-E815D0C810A6}.Debug|Any CPU.Build.0 = Debug|Any CPU
		{F019243D-9E91-484D-8CD6-E815D0C810A6}.Release|Any CPU.ActiveCfg = Release|Any CPU
		{F019243D-9E91-484D-8CD6-E815D0C810A6}.Release|Any CPU.Build.0 = Release|Any CPU
		{0E5A9D61-1CF7-4649-9C06-CA09841A0621}.Debug|Any CPU.ActiveCfg = Debug|Any CPU
		{0E5A9D61-1CF7-4649-9C06-CA09841A0621}.Debug|Any CPU.Build.0 = Debug|Any CPU
		{0E5A9D61-1CF7-4649-9C06-CA09841A0621}.Release|Any CPU.ActiveCfg = Release|Any CPU
		{0E5A9D61-1CF7-4649-9C06-CA09841A0621}.Release|Any CPU.Build.0 = Release|Any CPU
		{AA8959D7-1D30-422D-BAC8-B8ACBB6B76C0}.Debug|Any CPU.ActiveCfg = Debug|Any CPU
		{AA8959D7-1D30-422D-BAC8-B8ACBB6B76C0}.Debug|Any CPU.Build.0 = Debug|Any CPU
		{AA8959D7-1D30-422D-BAC8-B8ACBB6B76C0}.Release|Any CPU.ActiveCfg = Release|Any CPU
		{AA8959D7-1D30-422D-BAC8-B8ACBB6B76C0}.Release|Any CPU.Build.0 = Release|Any CPU
		{2454BC6F-1531-4C4A-B1A1-CCC1A2E688B3}.Debug|Any CPU.ActiveCfg = Debug|Any CPU
		{2454BC6F-1531-4C4A-B1A1-CCC1A2E688B3}.Debug|Any CPU.Build.0 = Debug|Any CPU
		{2454BC6F-1531-4C4A-B1A1-CCC1A2E688B3}.Release|Any CPU.ActiveCfg = Release|Any CPU
		{2454BC6F-1531-4C4A-B1A1-CCC1A2E688B3}.Release|Any CPU.Build.0 = Release|Any CPU
		{6C84E82D-F1F9-4B34-AD97-F8072481744D}.Debug|Any CPU.ActiveCfg = Debug|Any CPU
		{6C84E82D-F1F9-4B34-AD97-F8072481744D}.Debug|Any CPU.Build.0 = Debug|Any CPU
		{6C84E82D-F1F9-4B34-AD97-F8072481744D}.Release|Any CPU.ActiveCfg = Release|Any CPU
		{6C84E82D-F1F9-4B34-AD97-F8072481744D}.Release|Any CPU.Build.0 = Release|Any CPU
		{8C5D8999-8B2F-4C1C-A5AB-75C95BF99F6F}.Debug|Any CPU.ActiveCfg = Debug|Any CPU
		{8C5D8999-8B2F-4C1C-A5AB-75C95BF99F6F}.Debug|Any CPU.Build.0 = Debug|Any CPU
		{8C5D8999-8B2F-4C1C-A5AB-75C95BF99F6F}.Release|Any CPU.ActiveCfg = Release|Any CPU
		{8C5D8999-8B2F-4C1C-A5AB-75C95BF99F6F}.Release|Any CPU.Build.0 = Release|Any CPU
		{A42A5AA8-C72F-442F-9FF6-98A2AFABF23D}.Debug|Any CPU.ActiveCfg = Debug|Any CPU
		{A42A5AA8-C72F-442F-9FF6-98A2AFABF23D}.Debug|Any CPU.Build.0 = Debug|Any CPU
		{A42A5AA8-C72F-442F-9FF6-98A2AFABF23D}.Release|Any CPU.ActiveCfg = Release|Any CPU
		{A42A5AA8-C72F-442F-9FF6-98A2AFABF23D}.Release|Any CPU.Build.0 = Release|Any CPU
		{FE07C239-F59E-4544-8FD8-4E7B1147D6C0}.Debug|Any CPU.ActiveCfg = Debug|Any CPU
		{FE07C239-F59E-4544-8FD8-4E7B1147D6C0}.Debug|Any CPU.Build.0 = Debug|Any CPU
		{FE07C239-F59E-4544-8FD8-4E7B1147D6C0}.Release|Any CPU.ActiveCfg = Release|Any CPU
		{FE07C239-F59E-4544-8FD8-4E7B1147D6C0}.Release|Any CPU.Build.0 = Release|Any CPU
		{818B6C32-4069-400E-8639-7C02FEF7CF78}.Debug|Any CPU.ActiveCfg = Debug|Any CPU
		{818B6C32-4069-400E-8639-7C02FEF7CF78}.Debug|Any CPU.Build.0 = Debug|Any CPU
		{818B6C32-4069-400E-8639-7C02FEF7CF78}.Release|Any CPU.ActiveCfg = Release|Any CPU
		{818B6C32-4069-400E-8639-7C02FEF7CF78}.Release|Any CPU.Build.0 = Release|Any CPU
		{AC834AE0-9206-4D57-A63A-96F1B05E12FE}.Debug|Any CPU.ActiveCfg = Debug|Any CPU
		{AC834AE0-9206-4D57-A63A-96F1B05E12FE}.Debug|Any CPU.Build.0 = Debug|Any CPU
		{AC834AE0-9206-4D57-A63A-96F1B05E12FE}.Release|Any CPU.ActiveCfg = Release|Any CPU
		{AC834AE0-9206-4D57-A63A-96F1B05E12FE}.Release|Any CPU.Build.0 = Release|Any CPU
		{1ADC525E-3F51-4116-9D9E-9FC3718FDA53}.Debug|Any CPU.ActiveCfg = Debug|Any CPU
		{1ADC525E-3F51-4116-9D9E-9FC3718FDA53}.Debug|Any CPU.Build.0 = Debug|Any CPU
		{1ADC525E-3F51-4116-9D9E-9FC3718FDA53}.Release|Any CPU.ActiveCfg = Release|Any CPU
		{1ADC525E-3F51-4116-9D9E-9FC3718FDA53}.Release|Any CPU.Build.0 = Release|Any CPU
		{7F2B71FD-6ACB-4290-821B-8CEABEA16EF8}.Debug|Any CPU.ActiveCfg = Debug|Any CPU
		{7F2B71FD-6ACB-4290-821B-8CEABEA16EF8}.Debug|Any CPU.Build.0 = Debug|Any CPU
		{7F2B71FD-6ACB-4290-821B-8CEABEA16EF8}.Release|Any CPU.ActiveCfg = Release|Any CPU
		{7F2B71FD-6ACB-4290-821B-8CEABEA16EF8}.Release|Any CPU.Build.0 = Release|Any CPU
		{5FDE3494-87FC-41C2-8075-4980F431F971}.Debug|Any CPU.ActiveCfg = Debug|Any CPU
		{5FDE3494-87FC-41C2-8075-4980F431F971}.Debug|Any CPU.Build.0 = Debug|Any CPU
		{5FDE3494-87FC-41C2-8075-4980F431F971}.Release|Any CPU.ActiveCfg = Release|Any CPU
		{5FDE3494-87FC-41C2-8075-4980F431F971}.Release|Any CPU.Build.0 = Release|Any CPU
		{C3F8E50E-5E58-47EB-BCD2-61EA8A82874E}.Debug|Any CPU.ActiveCfg = Debug|Any CPU
		{C3F8E50E-5E58-47EB-BCD2-61EA8A82874E}.Debug|Any CPU.Build.0 = Debug|Any CPU
		{C3F8E50E-5E58-47EB-BCD2-61EA8A82874E}.Release|Any CPU.ActiveCfg = Release|Any CPU
		{C3F8E50E-5E58-47EB-BCD2-61EA8A82874E}.Release|Any CPU.Build.0 = Release|Any CPU
		{DA029A9D-12F8-4F92-8A52-5DEB19FDD699}.Debug|Any CPU.ActiveCfg = Debug|Any CPU
		{DA029A9D-12F8-4F92-8A52-5DEB19FDD699}.Debug|Any CPU.Build.0 = Debug|Any CPU
		{DA029A9D-12F8-4F92-8A52-5DEB19FDD699}.Release|Any CPU.ActiveCfg = Release|Any CPU
		{DA029A9D-12F8-4F92-8A52-5DEB19FDD699}.Release|Any CPU.Build.0 = Release|Any CPU
		{F72C9942-EFAD-4E91-B1B1-5C74477037D7}.Debug|Any CPU.ActiveCfg = Debug|Any CPU
		{F72C9942-EFAD-4E91-B1B1-5C74477037D7}.Debug|Any CPU.Build.0 = Debug|Any CPU
		{F72C9942-EFAD-4E91-B1B1-5C74477037D7}.Release|Any CPU.ActiveCfg = Release|Any CPU
		{F72C9942-EFAD-4E91-B1B1-5C74477037D7}.Release|Any CPU.Build.0 = Release|Any CPU
		{A0DA2E42-D2AF-489F-849F-B2E51011D458}.Debug|Any CPU.ActiveCfg = Debug|Any CPU
		{A0DA2E42-D2AF-489F-849F-B2E51011D458}.Debug|Any CPU.Build.0 = Debug|Any CPU
		{A0DA2E42-D2AF-489F-849F-B2E51011D458}.Release|Any CPU.ActiveCfg = Release|Any CPU
		{A0DA2E42-D2AF-489F-849F-B2E51011D458}.Release|Any CPU.Build.0 = Release|Any CPU
		{B6439DBF-69C9-4BA4-A6D7-80E28758D265}.Debug|Any CPU.ActiveCfg = Debug|Any CPU
		{B6439DBF-69C9-4BA4-A6D7-80E28758D265}.Debug|Any CPU.Build.0 = Debug|Any CPU
		{B6439DBF-69C9-4BA4-A6D7-80E28758D265}.Release|Any CPU.ActiveCfg = Release|Any CPU
		{B6439DBF-69C9-4BA4-A6D7-80E28758D265}.Release|Any CPU.Build.0 = Release|Any CPU
		{6B105EB9-7692-420C-AB04-63D76481DDED}.Debug|Any CPU.ActiveCfg = Debug|Any CPU
		{6B105EB9-7692-420C-AB04-63D76481DDED}.Debug|Any CPU.Build.0 = Debug|Any CPU
		{6B105EB9-7692-420C-AB04-63D76481DDED}.Release|Any CPU.ActiveCfg = Release|Any CPU
		{6B105EB9-7692-420C-AB04-63D76481DDED}.Release|Any CPU.Build.0 = Release|Any CPU
		{836036BF-16F8-47D8-8197-BBD8A87D98B4}.Debug|Any CPU.ActiveCfg = Debug|Any CPU
		{836036BF-16F8-47D8-8197-BBD8A87D98B4}.Debug|Any CPU.Build.0 = Debug|Any CPU
		{836036BF-16F8-47D8-8197-BBD8A87D98B4}.Release|Any CPU.ActiveCfg = Release|Any CPU
		{836036BF-16F8-47D8-8197-BBD8A87D98B4}.Release|Any CPU.Build.0 = Release|Any CPU
		{F6005D9F-1EB6-40F6-BD12-9D8BE712AD3A}.Debug|Any CPU.ActiveCfg = Debug|Any CPU
		{F6005D9F-1EB6-40F6-BD12-9D8BE712AD3A}.Debug|Any CPU.Build.0 = Debug|Any CPU
		{F6005D9F-1EB6-40F6-BD12-9D8BE712AD3A}.Release|Any CPU.ActiveCfg = Release|Any CPU
		{F6005D9F-1EB6-40F6-BD12-9D8BE712AD3A}.Release|Any CPU.Build.0 = Release|Any CPU
		{200BBABC-8D4E-47F2-BFA6-8849A6D2230C}.Debug|Any CPU.ActiveCfg = Debug|Any CPU
		{200BBABC-8D4E-47F2-BFA6-8849A6D2230C}.Debug|Any CPU.Build.0 = Debug|Any CPU
		{200BBABC-8D4E-47F2-BFA6-8849A6D2230C}.Release|Any CPU.ActiveCfg = Release|Any CPU
		{200BBABC-8D4E-47F2-BFA6-8849A6D2230C}.Release|Any CPU.Build.0 = Release|Any CPU
		{FBA2CA58-8A5A-4DD2-B38E-062DA3468264}.Debug|Any CPU.ActiveCfg = Debug|Any CPU
		{FBA2CA58-8A5A-4DD2-B38E-062DA3468264}.Debug|Any CPU.Build.0 = Debug|Any CPU
		{FBA2CA58-8A5A-4DD2-B38E-062DA3468264}.Release|Any CPU.ActiveCfg = Release|Any CPU
		{FBA2CA58-8A5A-4DD2-B38E-062DA3468264}.Release|Any CPU.Build.0 = Release|Any CPU
		{6BFE7E15-B90C-441B-A8C3-073727C363EE}.Debug|Any CPU.ActiveCfg = Debug|Any CPU
		{6BFE7E15-B90C-441B-A8C3-073727C363EE}.Debug|Any CPU.Build.0 = Debug|Any CPU
		{6BFE7E15-B90C-441B-A8C3-073727C363EE}.Release|Any CPU.ActiveCfg = Release|Any CPU
		{6BFE7E15-B90C-441B-A8C3-073727C363EE}.Release|Any CPU.Build.0 = Release|Any CPU
		{EE7B9EB6-CBE3-467E-91E0-616ECD14DF88}.Debug|Any CPU.ActiveCfg = Debug|Any CPU
		{EE7B9EB6-CBE3-467E-91E0-616ECD14DF88}.Debug|Any CPU.Build.0 = Debug|Any CPU
		{EE7B9EB6-CBE3-467E-91E0-616ECD14DF88}.Release|Any CPU.ActiveCfg = Release|Any CPU
		{EE7B9EB6-CBE3-467E-91E0-616ECD14DF88}.Release|Any CPU.Build.0 = Release|Any CPU
		{753E9277-1438-49C7-AE61-1C4ADCE19C0E}.Debug|Any CPU.ActiveCfg = Debug|Any CPU
		{753E9277-1438-49C7-AE61-1C4ADCE19C0E}.Debug|Any CPU.Build.0 = Debug|Any CPU
		{753E9277-1438-49C7-AE61-1C4ADCE19C0E}.Release|Any CPU.ActiveCfg = Release|Any CPU
		{753E9277-1438-49C7-AE61-1C4ADCE19C0E}.Release|Any CPU.Build.0 = Release|Any CPU
		{D39E4159-46C7-4979-BA45-E342702DA4B7}.Debug|Any CPU.ActiveCfg = Debug|Any CPU
		{D39E4159-46C7-4979-BA45-E342702DA4B7}.Debug|Any CPU.Build.0 = Debug|Any CPU
		{D39E4159-46C7-4979-BA45-E342702DA4B7}.Release|Any CPU.ActiveCfg = Release|Any CPU
		{D39E4159-46C7-4979-BA45-E342702DA4B7}.Release|Any CPU.Build.0 = Release|Any CPU
		{479EE591-668C-42A9-9678-8C91D6586658}.Debug|Any CPU.ActiveCfg = Debug|Any CPU
		{479EE591-668C-42A9-9678-8C91D6586658}.Debug|Any CPU.Build.0 = Debug|Any CPU
		{479EE591-668C-42A9-9678-8C91D6586658}.Release|Any CPU.ActiveCfg = Release|Any CPU
		{479EE591-668C-42A9-9678-8C91D6586658}.Release|Any CPU.Build.0 = Release|Any CPU
		{881087E9-108A-4869-932E-EB2878CE7CEA}.Debug|Any CPU.ActiveCfg = Debug|Any CPU
		{881087E9-108A-4869-932E-EB2878CE7CEA}.Debug|Any CPU.Build.0 = Debug|Any CPU
		{881087E9-108A-4869-932E-EB2878CE7CEA}.Release|Any CPU.ActiveCfg = Release|Any CPU
		{881087E9-108A-4869-932E-EB2878CE7CEA}.Release|Any CPU.Build.0 = Release|Any CPU
		{D7CC77C4-C9C0-4450-AE33-8668E34C11B5}.Debug|Any CPU.ActiveCfg = Debug|Any CPU
		{D7CC77C4-C9C0-4450-AE33-8668E34C11B5}.Debug|Any CPU.Build.0 = Debug|Any CPU
		{D7CC77C4-C9C0-4450-AE33-8668E34C11B5}.Release|Any CPU.ActiveCfg = Release|Any CPU
		{D7CC77C4-C9C0-4450-AE33-8668E34C11B5}.Release|Any CPU.Build.0 = Release|Any CPU
		{E2FC3FC1-9CB4-4948-8DC2-DEC5A906D576}.Debug|Any CPU.ActiveCfg = Debug|Any CPU
		{E2FC3FC1-9CB4-4948-8DC2-DEC5A906D576}.Debug|Any CPU.Build.0 = Debug|Any CPU
		{E2FC3FC1-9CB4-4948-8DC2-DEC5A906D576}.Release|Any CPU.ActiveCfg = Release|Any CPU
		{E2FC3FC1-9CB4-4948-8DC2-DEC5A906D576}.Release|Any CPU.Build.0 = Release|Any CPU
		{FF589BB0-406C-43D3-88AC-1A71245AC5AD}.Debug|Any CPU.ActiveCfg = Debug|Any CPU
		{FF589BB0-406C-43D3-88AC-1A71245AC5AD}.Debug|Any CPU.Build.0 = Debug|Any CPU
		{FF589BB0-406C-43D3-88AC-1A71245AC5AD}.Release|Any CPU.ActiveCfg = Release|Any CPU
		{FF589BB0-406C-43D3-88AC-1A71245AC5AD}.Release|Any CPU.Build.0 = Release|Any CPU
		{188D5792-519C-4EA3-9A7F-39701C11FB9E}.Debug|Any CPU.ActiveCfg = Debug|Any CPU
		{188D5792-519C-4EA3-9A7F-39701C11FB9E}.Debug|Any CPU.Build.0 = Debug|Any CPU
		{188D5792-519C-4EA3-9A7F-39701C11FB9E}.Release|Any CPU.ActiveCfg = Release|Any CPU
		{188D5792-519C-4EA3-9A7F-39701C11FB9E}.Release|Any CPU.Build.0 = Release|Any CPU
		{3E2C5170-9499-4F2E-B73C-E4AFB095EFBA}.Debug|Any CPU.ActiveCfg = Debug|Any CPU
		{3E2C5170-9499-4F2E-B73C-E4AFB095EFBA}.Debug|Any CPU.Build.0 = Debug|Any CPU
		{3E2C5170-9499-4F2E-B73C-E4AFB095EFBA}.Release|Any CPU.ActiveCfg = Release|Any CPU
		{3E2C5170-9499-4F2E-B73C-E4AFB095EFBA}.Release|Any CPU.Build.0 = Release|Any CPU
		{1801388C-BB8F-45C5-828F-1D843FB79145}.Debug|Any CPU.ActiveCfg = Debug|Any CPU
		{1801388C-BB8F-45C5-828F-1D843FB79145}.Debug|Any CPU.Build.0 = Debug|Any CPU
		{1801388C-BB8F-45C5-828F-1D843FB79145}.Release|Any CPU.ActiveCfg = Release|Any CPU
		{1801388C-BB8F-45C5-828F-1D843FB79145}.Release|Any CPU.Build.0 = Release|Any CPU
		{94B2AA7B-4EAC-4BEE-A9BF-BC16C626A614}.Debug|Any CPU.ActiveCfg = Debug|Any CPU
		{94B2AA7B-4EAC-4BEE-A9BF-BC16C626A614}.Debug|Any CPU.Build.0 = Debug|Any CPU
		{94B2AA7B-4EAC-4BEE-A9BF-BC16C626A614}.Release|Any CPU.ActiveCfg = Release|Any CPU
		{94B2AA7B-4EAC-4BEE-A9BF-BC16C626A614}.Release|Any CPU.Build.0 = Release|Any CPU
		{994D61E3-97F3-48C7-947D-30903F9B4C88}.Debug|Any CPU.ActiveCfg = Debug|Any CPU
		{994D61E3-97F3-48C7-947D-30903F9B4C88}.Debug|Any CPU.Build.0 = Debug|Any CPU
		{994D61E3-97F3-48C7-947D-30903F9B4C88}.Release|Any CPU.ActiveCfg = Release|Any CPU
		{994D61E3-97F3-48C7-947D-30903F9B4C88}.Release|Any CPU.Build.0 = Release|Any CPU
		{279A7683-7511-44D8-9AFB-B57FD1F0F860}.Debug|Any CPU.ActiveCfg = Debug|Any CPU
		{279A7683-7511-44D8-9AFB-B57FD1F0F860}.Debug|Any CPU.Build.0 = Debug|Any CPU
		{279A7683-7511-44D8-9AFB-B57FD1F0F860}.Release|Any CPU.ActiveCfg = Release|Any CPU
		{279A7683-7511-44D8-9AFB-B57FD1F0F860}.Release|Any CPU.Build.0 = Release|Any CPU
		{E90FFD21-4324-4D52-BC76-F39C117CF3FD}.Debug|Any CPU.ActiveCfg = Debug|Any CPU
		{E90FFD21-4324-4D52-BC76-F39C117CF3FD}.Debug|Any CPU.Build.0 = Debug|Any CPU
		{E90FFD21-4324-4D52-BC76-F39C117CF3FD}.Release|Any CPU.ActiveCfg = Release|Any CPU
		{E90FFD21-4324-4D52-BC76-F39C117CF3FD}.Release|Any CPU.Build.0 = Release|Any CPU
		{431EBE10-7393-4AFA-BCCC-364888BCCC55}.Debug|Any CPU.ActiveCfg = Debug|Any CPU
		{431EBE10-7393-4AFA-BCCC-364888BCCC55}.Debug|Any CPU.Build.0 = Debug|Any CPU
		{431EBE10-7393-4AFA-BCCC-364888BCCC55}.Release|Any CPU.ActiveCfg = Release|Any CPU
		{431EBE10-7393-4AFA-BCCC-364888BCCC55}.Release|Any CPU.Build.0 = Release|Any CPU
		{132A3534-0396-42A1-98E5-4C0C5D43A3C1}.Debug|Any CPU.ActiveCfg = Debug|Any CPU
		{132A3534-0396-42A1-98E5-4C0C5D43A3C1}.Debug|Any CPU.Build.0 = Debug|Any CPU
		{132A3534-0396-42A1-98E5-4C0C5D43A3C1}.Release|Any CPU.ActiveCfg = Release|Any CPU
		{132A3534-0396-42A1-98E5-4C0C5D43A3C1}.Release|Any CPU.Build.0 = Release|Any CPU
		{2C2AEAC8-322F-44F7-A64F-46539EE18D2D}.Debug|Any CPU.ActiveCfg = Debug|Any CPU
		{2C2AEAC8-322F-44F7-A64F-46539EE18D2D}.Debug|Any CPU.Build.0 = Debug|Any CPU
		{2C2AEAC8-322F-44F7-A64F-46539EE18D2D}.Release|Any CPU.ActiveCfg = Release|Any CPU
		{2C2AEAC8-322F-44F7-A64F-46539EE18D2D}.Release|Any CPU.Build.0 = Release|Any CPU
		{9308DA35-AF15-452D-BB02-76C6AFCC8822}.Debug|Any CPU.ActiveCfg = Debug|Any CPU
		{9308DA35-AF15-452D-BB02-76C6AFCC8822}.Debug|Any CPU.Build.0 = Debug|Any CPU
		{9308DA35-AF15-452D-BB02-76C6AFCC8822}.Release|Any CPU.ActiveCfg = Release|Any CPU
		{9308DA35-AF15-452D-BB02-76C6AFCC8822}.Release|Any CPU.Build.0 = Release|Any CPU
		{E3943997-DF46-4BDD-B432-5772852B4DF3}.Debug|Any CPU.ActiveCfg = Debug|Any CPU
		{E3943997-DF46-4BDD-B432-5772852B4DF3}.Debug|Any CPU.Build.0 = Debug|Any CPU
		{E3943997-DF46-4BDD-B432-5772852B4DF3}.Release|Any CPU.ActiveCfg = Release|Any CPU
		{E3943997-DF46-4BDD-B432-5772852B4DF3}.Release|Any CPU.Build.0 = Release|Any CPU
		{134E65B6-A749-4975-9986-53BF73BEB968}.Debug|Any CPU.ActiveCfg = Debug|Any CPU
		{134E65B6-A749-4975-9986-53BF73BEB968}.Debug|Any CPU.Build.0 = Debug|Any CPU
		{134E65B6-A749-4975-9986-53BF73BEB968}.Release|Any CPU.ActiveCfg = Release|Any CPU
		{134E65B6-A749-4975-9986-53BF73BEB968}.Release|Any CPU.Build.0 = Release|Any CPU
		{ABA0DA06-E49F-4CE0-90C7-567BECB9F838}.Debug|Any CPU.ActiveCfg = Debug|Any CPU
		{ABA0DA06-E49F-4CE0-90C7-567BECB9F838}.Debug|Any CPU.Build.0 = Debug|Any CPU
		{ABA0DA06-E49F-4CE0-90C7-567BECB9F838}.Release|Any CPU.ActiveCfg = Release|Any CPU
		{ABA0DA06-E49F-4CE0-90C7-567BECB9F838}.Release|Any CPU.Build.0 = Release|Any CPU
		{7A9292F1-3DAB-460D-B81B-565AB93C5417}.Debug|Any CPU.ActiveCfg = Debug|Any CPU
		{7A9292F1-3DAB-460D-B81B-565AB93C5417}.Debug|Any CPU.Build.0 = Debug|Any CPU
		{7A9292F1-3DAB-460D-B81B-565AB93C5417}.Release|Any CPU.ActiveCfg = Release|Any CPU
		{7A9292F1-3DAB-460D-B81B-565AB93C5417}.Release|Any CPU.Build.0 = Release|Any CPU
		{B05674B7-3284-41CC-979C-B24EBC083D49}.Debug|Any CPU.ActiveCfg = Debug|Any CPU
		{B05674B7-3284-41CC-979C-B24EBC083D49}.Debug|Any CPU.Build.0 = Debug|Any CPU
		{B05674B7-3284-41CC-979C-B24EBC083D49}.Release|Any CPU.ActiveCfg = Release|Any CPU
		{B05674B7-3284-41CC-979C-B24EBC083D49}.Release|Any CPU.Build.0 = Release|Any CPU
		{18396DF3-670A-494E-98AD-46FD121F1D3A}.Debug|Any CPU.ActiveCfg = Debug|Any CPU
		{18396DF3-670A-494E-98AD-46FD121F1D3A}.Debug|Any CPU.Build.0 = Debug|Any CPU
		{18396DF3-670A-494E-98AD-46FD121F1D3A}.Release|Any CPU.ActiveCfg = Release|Any CPU
		{18396DF3-670A-494E-98AD-46FD121F1D3A}.Release|Any CPU.Build.0 = Release|Any CPU
		{B4868CF8-588F-4199-91B4-F9BE868A0F06}.Debug|Any CPU.ActiveCfg = Debug|Any CPU
		{B4868CF8-588F-4199-91B4-F9BE868A0F06}.Debug|Any CPU.Build.0 = Debug|Any CPU
		{B4868CF8-588F-4199-91B4-F9BE868A0F06}.Release|Any CPU.ActiveCfg = Release|Any CPU
		{B4868CF8-588F-4199-91B4-F9BE868A0F06}.Release|Any CPU.Build.0 = Release|Any CPU
		{039ADC4D-D6B6-465B-A115-E1A81B6E2DC4}.Debug|Any CPU.ActiveCfg = Debug|Any CPU
		{039ADC4D-D6B6-465B-A115-E1A81B6E2DC4}.Debug|Any CPU.Build.0 = Debug|Any CPU
		{039ADC4D-D6B6-465B-A115-E1A81B6E2DC4}.Release|Any CPU.ActiveCfg = Release|Any CPU
		{039ADC4D-D6B6-465B-A115-E1A81B6E2DC4}.Release|Any CPU.Build.0 = Release|Any CPU
		{0DF70ABB-0D48-42FD-83C3-13CA7C92DCA6}.Debug|Any CPU.ActiveCfg = Debug|Any CPU
		{0DF70ABB-0D48-42FD-83C3-13CA7C92DCA6}.Debug|Any CPU.Build.0 = Debug|Any CPU
		{0DF70ABB-0D48-42FD-83C3-13CA7C92DCA6}.Release|Any CPU.ActiveCfg = Release|Any CPU
		{0DF70ABB-0D48-42FD-83C3-13CA7C92DCA6}.Release|Any CPU.Build.0 = Release|Any CPU
		{3952959F-E124-40C2-8D5C-49770170F80E}.Debug|Any CPU.ActiveCfg = Debug|Any CPU
		{3952959F-E124-40C2-8D5C-49770170F80E}.Debug|Any CPU.Build.0 = Debug|Any CPU
		{3952959F-E124-40C2-8D5C-49770170F80E}.Release|Any CPU.ActiveCfg = Release|Any CPU
		{3952959F-E124-40C2-8D5C-49770170F80E}.Release|Any CPU.Build.0 = Release|Any CPU
		{F0C8A1FC-356A-44CD-88F1-C1D40897CCB1}.Debug|Any CPU.ActiveCfg = Debug|Any CPU
		{F0C8A1FC-356A-44CD-88F1-C1D40897CCB1}.Debug|Any CPU.Build.0 = Debug|Any CPU
		{F0C8A1FC-356A-44CD-88F1-C1D40897CCB1}.Release|Any CPU.ActiveCfg = Release|Any CPU
		{F0C8A1FC-356A-44CD-88F1-C1D40897CCB1}.Release|Any CPU.Build.0 = Release|Any CPU
	EndGlobalSection
	GlobalSection(SolutionProperties) = preSolution
		HideSolutionNode = FALSE
	EndGlobalSection
	GlobalSection(NestedProjects) = preSolution
		{F019243D-9E91-484D-8CD6-E815D0C810A6} = {1015E192-1C88-44FA-8C9A-15007D4CA769}
		{0E5A9D61-1CF7-4649-9C06-CA09841A0621} = {1015E192-1C88-44FA-8C9A-15007D4CA769}
		{AA8959D7-1D30-422D-BAC8-B8ACBB6B76C0} = {133ABD85-331B-414A-9C19-94C1C3D53221}
		{2454BC6F-1531-4C4A-B1A1-CCC1A2E688B3} = {133ABD85-331B-414A-9C19-94C1C3D53221}
		{6C84E82D-F1F9-4B34-AD97-F8072481744D} = {133ABD85-331B-414A-9C19-94C1C3D53221}
		{8C5D8999-8B2F-4C1C-A5AB-75C95BF99F6F} = {133ABD85-331B-414A-9C19-94C1C3D53221}
		{A42A5AA8-C72F-442F-9FF6-98A2AFABF23D} = {133ABD85-331B-414A-9C19-94C1C3D53221}
		{FE07C239-F59E-4544-8FD8-4E7B1147D6C0} = {133ABD85-331B-414A-9C19-94C1C3D53221}
		{818B6C32-4069-400E-8639-7C02FEF7CF78} = {3405F661-0E32-42D6-81DF-5FCB4A3869B2}
		{AC834AE0-9206-4D57-A63A-96F1B05E12FE} = {3405F661-0E32-42D6-81DF-5FCB4A3869B2}
		{1ADC525E-3F51-4116-9D9E-9FC3718FDA53} = {3405F661-0E32-42D6-81DF-5FCB4A3869B2}
		{7F2B71FD-6ACB-4290-821B-8CEABEA16EF8} = {3405F661-0E32-42D6-81DF-5FCB4A3869B2}
		{5FDE3494-87FC-41C2-8075-4980F431F971} = {3405F661-0E32-42D6-81DF-5FCB4A3869B2}
		{C3F8E50E-5E58-47EB-BCD2-61EA8A82874E} = {3405F661-0E32-42D6-81DF-5FCB4A3869B2}
		{DA029A9D-12F8-4F92-8A52-5DEB19FDD699} = {F084F081-0924-4F24-98F1-224CAE16369C}
		{F72C9942-EFAD-4E91-B1B1-5C74477037D7} = {F084F081-0924-4F24-98F1-224CAE16369C}
		{A0DA2E42-D2AF-489F-849F-B2E51011D458} = {F084F081-0924-4F24-98F1-224CAE16369C}
		{B6439DBF-69C9-4BA4-A6D7-80E28758D265} = {F084F081-0924-4F24-98F1-224CAE16369C}
		{6B105EB9-7692-420C-AB04-63D76481DDED} = {F084F081-0924-4F24-98F1-224CAE16369C}
		{836036BF-16F8-47D8-8197-BBD8A87D98B4} = {F084F081-0924-4F24-98F1-224CAE16369C}
		{F6005D9F-1EB6-40F6-BD12-9D8BE712AD3A} = {F084F081-0924-4F24-98F1-224CAE16369C}
		{200BBABC-8D4E-47F2-BFA6-8849A6D2230C} = {B64CBD7C-0821-4BB1-896E-D3DA0532FEFF}
		{FBA2CA58-8A5A-4DD2-B38E-062DA3468264} = {B64CBD7C-0821-4BB1-896E-D3DA0532FEFF}
		{6BFE7E15-B90C-441B-A8C3-073727C363EE} = {B64CBD7C-0821-4BB1-896E-D3DA0532FEFF}
		{EE7B9EB6-CBE3-467E-91E0-616ECD14DF88} = {80D0244A-0BA1-4EA0-9CDD-A3C4D23721A7}
		{753E9277-1438-49C7-AE61-1C4ADCE19C0E} = {80D0244A-0BA1-4EA0-9CDD-A3C4D23721A7}
		{D39E4159-46C7-4979-BA45-E342702DA4B7} = {80D0244A-0BA1-4EA0-9CDD-A3C4D23721A7}
		{479EE591-668C-42A9-9678-8C91D6586658} = {80D0244A-0BA1-4EA0-9CDD-A3C4D23721A7}
		{881087E9-108A-4869-932E-EB2878CE7CEA} = {80D0244A-0BA1-4EA0-9CDD-A3C4D23721A7}
		{D7CC77C4-C9C0-4450-AE33-8668E34C11B5} = {80D0244A-0BA1-4EA0-9CDD-A3C4D23721A7}
		{E2FC3FC1-9CB4-4948-8DC2-DEC5A906D576} = {80D0244A-0BA1-4EA0-9CDD-A3C4D23721A7}
		{FF589BB0-406C-43D3-88AC-1A71245AC5AD} = {80D0244A-0BA1-4EA0-9CDD-A3C4D23721A7}
		{188D5792-519C-4EA3-9A7F-39701C11FB9E} = {39894AC2-1989-44D5-859F-9C30FB51A9D7}
		{3E2C5170-9499-4F2E-B73C-E4AFB095EFBA} = {39894AC2-1989-44D5-859F-9C30FB51A9D7}
		{1801388C-BB8F-45C5-828F-1D843FB79145} = {39781985-64F8-49DB-B2B2-BB1543875180}
		{94B2AA7B-4EAC-4BEE-A9BF-BC16C626A614} = {39781985-64F8-49DB-B2B2-BB1543875180}
		{994D61E3-97F3-48C7-947D-30903F9B4C88} = {0D6F95FD-6B5C-4B83-9E6F-F5725AC4EB04}
		{279A7683-7511-44D8-9AFB-B57FD1F0F860} = {0D6F95FD-6B5C-4B83-9E6F-F5725AC4EB04}
		{E90FFD21-4324-4D52-BC76-F39C117CF3FD} = {0D6F95FD-6B5C-4B83-9E6F-F5725AC4EB04}
		{431EBE10-7393-4AFA-BCCC-364888BCCC55} = {D0765A93-5551-4F6A-B7F4-6A68C7F0971B}
		{132A3534-0396-42A1-98E5-4C0C5D43A3C1} = {D0765A93-5551-4F6A-B7F4-6A68C7F0971B}
		{2C2AEAC8-322F-44F7-A64F-46539EE18D2D} = {D0765A93-5551-4F6A-B7F4-6A68C7F0971B}
		{9308DA35-AF15-452D-BB02-76C6AFCC8822} = {BD3BDAA1-FE02-4786-BAD9-6777350A4273}
		{E3943997-DF46-4BDD-B432-5772852B4DF3} = {BD3BDAA1-FE02-4786-BAD9-6777350A4273}
		{134E65B6-A749-4975-9986-53BF73BEB968} = {BD3BDAA1-FE02-4786-BAD9-6777350A4273}
		{ABA0DA06-E49F-4CE0-90C7-567BECB9F838} = {BD3BDAA1-FE02-4786-BAD9-6777350A4273}
		{7A9292F1-3DAB-460D-B81B-565AB93C5417} = {BD3BDAA1-FE02-4786-BAD9-6777350A4273}
		{B05674B7-3284-41CC-979C-B24EBC083D49} = {2E783A5E-6E06-4BA1-B2AD-5FC2CB22C60C}
		{18396DF3-670A-494E-98AD-46FD121F1D3A} = {4D21F616-0DA9-4C17-8DC0-6B22BED017B9}
		{B4868CF8-588F-4199-91B4-F9BE868A0F06} = {4D21F616-0DA9-4C17-8DC0-6B22BED017B9}
		{039ADC4D-D6B6-465B-A115-E1A81B6E2DC4} = {4D21F616-0DA9-4C17-8DC0-6B22BED017B9}
		{0DF70ABB-0D48-42FD-83C3-13CA7C92DCA6} = {91D1137E-856C-45A6-B76A-95D9822A117F}
		{3952959F-E124-40C2-8D5C-49770170F80E} = {0377B403-EFD2-4AE1-8C7C-6A83592A8E8F}
		{F0C8A1FC-356A-44CD-88F1-C1D40897CCB1} = {9CBEA6BD-4202-4E1E-99EB-83E17DCB480B}
	EndGlobalSection
EndGlobal
