
Microsoft Visual Studio Solution File, Format Version 12.00
# Visual Studio Version 17
VisualStudioVersion = 17.12.35707.178
MinimumVisualStudioVersion = 10.0.40219.1
Project("{2150E333-8FDC-42A3-9474-1A3956D46DE8}") = "Lesson_02", "Lesson_02", "{1015E192-1C88-44FA-8C9A-15007D4CA769}"
EndProject
Project("{FAE04EC0-301F-11D3-BF4B-00C04F79EFBC}") = "Task_02_02", "Task_02_02\Task_02_02.csproj", "{F019243D-9E91-484D-8CD6-E815D0C810A6}"
EndProject
Project("{FAE04EC0-301F-11D3-BF4B-00C04F79EFBC}") = "Task_02_04", "Task_02_04\Task_02_04.csproj", "{0E5A9D61-1CF7-4649-9C06-CA09841A0621}"
EndProject
Project("{2150E333-8FDC-42A3-9474-1A3956D46DE8}") = "Lesson_03", "Lesson_03", "{133ABD85-331B-414A-9C19-94C1C3D53221}"
EndProject
Project("{FAE04EC0-301F-11D3-BF4B-00C04F79EFBC}") = "Task_03_04", "Task_03_04\Task_03_04.csproj", "{AA8959D7-1D30-422D-BAC8-B8ACBB6B76C0}"
EndProject
Project("{FAE04EC0-301F-11D3-BF4B-00C04F79EFBC}") = "Task_03_05", "Task_03_05\Task_03_05.csproj", "{2454BC6F-1531-4C4A-B1A1-CCC1A2E688B3}"
EndProject
Project("{FAE04EC0-301F-11D3-BF4B-00C04F79EFBC}") = "Task_03_06", "Task_03_06\Task_03_06.csproj", "{6C84E82D-F1F9-4B34-AD97-F8072481744D}"
EndProject
Project("{FAE04EC0-301F-11D3-BF4B-00C04F79EFBC}") = "Task_03_07", "Task_03_07\Task_03_07.csproj", "{8C5D8999-8B2F-4C1C-A5AB-75C95BF99F6F}"
EndProject
Project("{FAE04EC0-301F-11D3-BF4B-00C04F79EFBC}") = "Task_03_08", "Task_03_08\Task_03_08.csproj", "{A42A5AA8-C72F-442F-9FF6-98A2AFABF23D}"
EndProject
Project("{FAE04EC0-301F-11D3-BF4B-00C04F79EFBC}") = "Task_03_09", "Task_03_09\Task_03_09.csproj", "{FE07C239-F59E-4544-8FD8-4E7B1147D6C0}"
EndProject
Project("{2150E333-8FDC-42A3-9474-1A3956D46DE8}") = "Lesson_04", "Lesson_04", "{3405F661-0E32-42D6-81DF-5FCB4A3869B2}"
EndProject
Project("{FAE04EC0-301F-11D3-BF4B-00C04F79EFBC}") = "Task_04_05", "Task_04_05\Task_04_05.csproj", "{818B6C32-4069-400E-8639-7C02FEF7CF78}"
EndProject
Project("{FAE04EC0-301F-11D3-BF4B-00C04F79EFBC}") = "Task_04_06", "Task_04_06\Task_04_06.csproj", "{AC834AE0-9206-4D57-A63A-96F1B05E12FE}"
EndProject
Project("{FAE04EC0-301F-11D3-BF4B-00C04F79EFBC}") = "Task_04_07", "Task_04_07\Task_04_07.csproj", "{1ADC525E-3F51-4116-9D9E-9FC3718FDA53}"
EndProject
Project("{FAE04EC0-301F-11D3-BF4B-00C04F79EFBC}") = "Task_04_08", "Task_04_08\Task_04_08.csproj", "{7F2B71FD-6ACB-4290-821B-8CEABEA16EF8}"
EndProject
Project("{FAE04EC0-301F-11D3-BF4B-00C04F79EFBC}") = "Task_04_09", "Task_04_09\Task_04_09.csproj", "{5FDE3494-87FC-41C2-8075-4980F431F971}"
EndProject
Project("{FAE04EC0-301F-11D3-BF4B-00C04F79EFBC}") = "Task_04_10", "Task_04_10\Task_04_10.csproj", "{C3F8E50E-5E58-47EB-BCD2-61EA8A82874E}"
EndProject
Project("{2150E333-8FDC-42A3-9474-1A3956D46DE8}") = "Lesson_05", "Lesson_05", "{F084F081-0924-4F24-98F1-224CAE16369C}"
EndProject
Project("{FAE04EC0-301F-11D3-BF4B-00C04F79EFBC}") = "Task_05_03", "Task_05_03\Task_05_03.csproj", "{DA029A9D-12F8-4F92-8A52-5DEB19FDD699}"
EndProject
Project("{FAE04EC0-301F-11D3-BF4B-00C04F79EFBC}") = "Task_05_04", "Task_05_04\Task_05_04.csproj", "{F72C9942-EFAD-4E91-B1B1-5C74477037D7}"
EndProject
Project("{FAE04EC0-301F-11D3-BF4B-00C04F79EFBC}") = "Task_05_05", "Task_05_05\Task_05_05.csproj", "{A0DA2E42-D2AF-489F-849F-B2E51011D458}"
EndProject
Project("{FAE04EC0-301F-11D3-BF4B-00C04F79EFBC}") = "Task_05_06", "Task_05_06\Task_05_06.csproj", "{B6439DBF-69C9-4BA4-A6D7-80E28758D265}"
EndProject
Global
	GlobalSection(SolutionConfigurationPlatforms) = preSolution
		Debug|Any CPU = Debug|Any CPU
		Release|Any CPU = Release|Any CPU
	EndGlobalSection
	GlobalSection(ProjectConfigurationPlatforms) = postSolution
		{F019243D-9E91-484D-8CD6-E815D0C810A6}.Debug|Any CPU.ActiveCfg = Debug|Any CPU
		{F019243D-9E91-484D-8CD6-E815D0C810A6}.Debug|Any CPU.Build.0 = Debug|Any CPU
		{F019243D-9E91-484D-8CD6-E815D0C810A6}.Release|Any CPU.ActiveCfg = Release|Any CPU
		{F019243D-9E91-484D-8CD6-E815D0C810A6}.Release|Any CPU.Build.0 = Release|Any CPU
		{0E5A9D61-1CF7-4649-9C06-CA09841A0621}.Debug|Any CPU.ActiveCfg = Debug|Any CPU
		{0E5A9D61-1CF7-4649-9C06-CA09841A0621}.Debug|Any CPU.Build.0 = Debug|Any CPU
		{0E5A9D61-1CF7-4649-9C06-CA09841A0621}.Release|Any CPU.ActiveCfg = Release|Any CPU
		{0E5A9D61-1CF7-4649-9C06-CA09841A0621}.Release|Any CPU.Build.0 = Release|Any CPU
		{AA8959D7-1D30-422D-BAC8-B8ACBB6B76C0}.Debug|Any CPU.ActiveCfg = Debug|Any CPU
		{AA8959D7-1D30-422D-BAC8-B8ACBB6B76C0}.Debug|Any CPU.Build.0 = Debug|Any CPU
		{AA8959D7-1D30-422D-BAC8-B8ACBB6B76C0}.Release|Any CPU.ActiveCfg = Release|Any CPU
		{AA8959D7-1D30-422D-BAC8-B8ACBB6B76C0}.Release|Any CPU.Build.0 = Release|Any CPU
		{2454BC6F-1531-4C4A-B1A1-CCC1A2E688B3}.Debug|Any CPU.ActiveCfg = Debug|Any CPU
		{2454BC6F-1531-4C4A-B1A1-CCC1A2E688B3}.Debug|Any CPU.Build.0 = Debug|Any CPU
		{2454BC6F-1531-4C4A-B1A1-CCC1A2E688B3}.Release|Any CPU.ActiveCfg = Release|Any CPU
		{2454BC6F-1531-4C4A-B1A1-CCC1A2E688B3}.Release|Any CPU.Build.0 = Release|Any CPU
		{6C84E82D-F1F9-4B34-AD97-F8072481744D}.Debug|Any CPU.ActiveCfg = Debug|Any CPU
		{6C84E82D-F1F9-4B34-AD97-F8072481744D}.Debug|Any CPU.Build.0 = Debug|Any CPU
		{6C84E82D-F1F9-4B34-AD97-F8072481744D}.Release|Any CPU.ActiveCfg = Release|Any CPU
		{6C84E82D-F1F9-4B34-AD97-F8072481744D}.Release|Any CPU.Build.0 = Release|Any CPU
		{8C5D8999-8B2F-4C1C-A5AB-75C95BF99F6F}.Debug|Any CPU.ActiveCfg = Debug|Any CPU
		{8C5D8999-8B2F-4C1C-A5AB-75C95BF99F6F}.Debug|Any CPU.Build.0 = Debug|Any CPU
		{8C5D8999-8B2F-4C1C-A5AB-75C95BF99F6F}.Release|Any CPU.ActiveCfg = Release|Any CPU
		{8C5D8999-8B2F-4C1C-A5AB-75C95BF99F6F}.Release|Any CPU.Build.0 = Release|Any CPU
		{A42A5AA8-C72F-442F-9FF6-98A2AFABF23D}.Debug|Any CPU.ActiveCfg = Debug|Any CPU
		{A42A5AA8-C72F-442F-9FF6-98A2AFABF23D}.Debug|Any CPU.Build.0 = Debug|Any CPU
		{A42A5AA8-C72F-442F-9FF6-98A2AFABF23D}.Release|Any CPU.ActiveCfg = Release|Any CPU
		{A42A5AA8-C72F-442F-9FF6-98A2AFABF23D}.Release|Any CPU.Build.0 = Release|Any CPU
		{FE07C239-F59E-4544-8FD8-4E7B1147D6C0}.Debug|Any CPU.ActiveCfg = Debug|Any CPU
		{FE07C239-F59E-4544-8FD8-4E7B1147D6C0}.Debug|Any CPU.Build.0 = Debug|Any CPU
		{FE07C239-F59E-4544-8FD8-4E7B1147D6C0}.Release|Any CPU.ActiveCfg = Release|Any CPU
		{FE07C239-F59E-4544-8FD8-4E7B1147D6C0}.Release|Any CPU.Build.0 = Release|Any CPU
		{818B6C32-4069-400E-8639-7C02FEF7CF78}.Debug|Any CPU.ActiveCfg = Debug|Any CPU
		{818B6C32-4069-400E-8639-7C02FEF7CF78}.Debug|Any CPU.Build.0 = Debug|Any CPU
		{818B6C32-4069-400E-8639-7C02FEF7CF78}.Release|Any CPU.ActiveCfg = Release|Any CPU
		{818B6C32-4069-400E-8639-7C02FEF7CF78}.Release|Any CPU.Build.0 = Release|Any CPU
		{AC834AE0-9206-4D57-A63A-96F1B05E12FE}.Debug|Any CPU.ActiveCfg = Debug|Any CPU
		{AC834AE0-9206-4D57-A63A-96F1B05E12FE}.Debug|Any CPU.Build.0 = Debug|Any CPU
		{AC834AE0-9206-4D57-A63A-96F1B05E12FE}.Release|Any CPU.ActiveCfg = Release|Any CPU
		{AC834AE0-9206-4D57-A63A-96F1B05E12FE}.Release|Any CPU.Build.0 = Release|Any CPU
		{1ADC525E-3F51-4116-9D9E-9FC3718FDA53}.Debug|Any CPU.ActiveCfg = Debug|Any CPU
		{1ADC525E-3F51-4116-9D9E-9FC3718FDA53}.Debug|Any CPU.Build.0 = Debug|Any CPU
		{1ADC525E-3F51-4116-9D9E-9FC3718FDA53}.Release|Any CPU.ActiveCfg = Release|Any CPU
		{1ADC525E-3F51-4116-9D9E-9FC3718FDA53}.Release|Any CPU.Build.0 = Release|Any CPU
		{7F2B71FD-6ACB-4290-821B-8CEABEA16EF8}.Debug|Any CPU.ActiveCfg = Debug|Any CPU
		{7F2B71FD-6ACB-4290-821B-8CEABEA16EF8}.Debug|Any CPU.Build.0 = Debug|Any CPU
		{7F2B71FD-6ACB-4290-821B-8CEABEA16EF8}.Release|Any CPU.ActiveCfg = Release|Any CPU
		{7F2B71FD-6ACB-4290-821B-8CEABEA16EF8}.Release|Any CPU.Build.0 = Release|Any CPU
		{5FDE3494-87FC-41C2-8075-4980F431F971}.Debug|Any CPU.ActiveCfg = Debug|Any CPU
		{5FDE3494-87FC-41C2-8075-4980F431F971}.Debug|Any CPU.Build.0 = Debug|Any CPU
		{5FDE3494-87FC-41C2-8075-4980F431F971}.Release|Any CPU.ActiveCfg = Release|Any CPU
		{5FDE3494-87FC-41C2-8075-4980F431F971}.Release|Any CPU.Build.0 = Release|Any CPU
		{C3F8E50E-5E58-47EB-BCD2-61EA8A82874E}.Debug|Any CPU.ActiveCfg = Debug|Any CPU
		{C3F8E50E-5E58-47EB-BCD2-61EA8A82874E}.Debug|Any CPU.Build.0 = Debug|Any CPU
		{C3F8E50E-5E58-47EB-BCD2-61EA8A82874E}.Release|Any CPU.ActiveCfg = Release|Any CPU
		{C3F8E50E-5E58-47EB-BCD2-61EA8A82874E}.Release|Any CPU.Build.0 = Release|Any CPU
		{DA029A9D-12F8-4F92-8A52-5DEB19FDD699}.Debug|Any CPU.ActiveCfg = Debug|Any CPU
		{DA029A9D-12F8-4F92-8A52-5DEB19FDD699}.Debug|Any CPU.Build.0 = Debug|Any CPU
		{DA029A9D-12F8-4F92-8A52-5DEB19FDD699}.Release|Any CPU.ActiveCfg = Release|Any CPU
		{DA029A9D-12F8-4F92-8A52-5DEB19FDD699}.Release|Any CPU.Build.0 = Release|Any CPU
		{F72C9942-EFAD-4E91-B1B1-5C74477037D7}.Debug|Any CPU.ActiveCfg = Debug|Any CPU
		{F72C9942-EFAD-4E91-B1B1-5C74477037D7}.Debug|Any CPU.Build.0 = Debug|Any CPU
		{F72C9942-EFAD-4E91-B1B1-5C74477037D7}.Release|Any CPU.ActiveCfg = Release|Any CPU
		{F72C9942-EFAD-4E91-B1B1-5C74477037D7}.Release|Any CPU.Build.0 = Release|Any CPU
		{A0DA2E42-D2AF-489F-849F-B2E51011D458}.Debug|Any CPU.ActiveCfg = Debug|Any CPU
		{A0DA2E42-D2AF-489F-849F-B2E51011D458}.Debug|Any CPU.Build.0 = Debug|Any CPU
		{A0DA2E42-D2AF-489F-849F-B2E51011D458}.Release|Any CPU.ActiveCfg = Release|Any CPU
		{A0DA2E42-D2AF-489F-849F-B2E51011D458}.Release|Any CPU.Build.0 = Release|Any CPU
		{B6439DBF-69C9-4BA4-A6D7-80E28758D265}.Debug|Any CPU.ActiveCfg = Debug|Any CPU
		{B6439DBF-69C9-4BA4-A6D7-80E28758D265}.Debug|Any CPU.Build.0 = Debug|Any CPU
		{B6439DBF-69C9-4BA4-A6D7-80E28758D265}.Release|Any CPU.ActiveCfg = Release|Any CPU
		{B6439DBF-69C9-4BA4-A6D7-80E28758D265}.Release|Any CPU.Build.0 = Release|Any CPU
	EndGlobalSection
	GlobalSection(SolutionProperties) = preSolution
		HideSolutionNode = FALSE
	EndGlobalSection
	GlobalSection(NestedProjects) = preSolution
		{F019243D-9E91-484D-8CD6-E815D0C810A6} = {1015E192-1C88-44FA-8C9A-15007D4CA769}
		{0E5A9D61-1CF7-4649-9C06-CA09841A0621} = {1015E192-1C88-44FA-8C9A-15007D4CA769}
		{AA8959D7-1D30-422D-BAC8-B8ACBB6B76C0} = {133ABD85-331B-414A-9C19-94C1C3D53221}
		{2454BC6F-1531-4C4A-B1A1-CCC1A2E688B3} = {133ABD85-331B-414A-9C19-94C1C3D53221}
		{6C84E82D-F1F9-4B34-AD97-F8072481744D} = {133ABD85-331B-414A-9C19-94C1C3D53221}
		{8C5D8999-8B2F-4C1C-A5AB-75C95BF99F6F} = {133ABD85-331B-414A-9C19-94C1C3D53221}
		{A42A5AA8-C72F-442F-9FF6-98A2AFABF23D} = {133ABD85-331B-414A-9C19-94C1C3D53221}
		{FE07C239-F59E-4544-8FD8-4E7B1147D6C0} = {133ABD85-331B-414A-9C19-94C1C3D53221}
		{818B6C32-4069-400E-8639-7C02FEF7CF78} = {3405F661-0E32-42D6-81DF-5FCB4A3869B2}
		{AC834AE0-9206-4D57-A63A-96F1B05E12FE} = {3405F661-0E32-42D6-81DF-5FCB4A3869B2}
		{1ADC525E-3F51-4116-9D9E-9FC3718FDA53} = {3405F661-0E32-42D6-81DF-5FCB4A3869B2}
		{7F2B71FD-6ACB-4290-821B-8CEABEA16EF8} = {3405F661-0E32-42D6-81DF-5FCB4A3869B2}
		{5FDE3494-87FC-41C2-8075-4980F431F971} = {3405F661-0E32-42D6-81DF-5FCB4A3869B2}
		{C3F8E50E-5E58-47EB-BCD2-61EA8A82874E} = {3405F661-0E32-42D6-81DF-5FCB4A3869B2}
		{DA029A9D-12F8-4F92-8A52-5DEB19FDD699} = {F084F081-0924-4F24-98F1-224CAE16369C}
		{F72C9942-EFAD-4E91-B1B1-5C74477037D7} = {F084F081-0924-4F24-98F1-224CAE16369C}
		{A0DA2E42-D2AF-489F-849F-B2E51011D458} = {F084F081-0924-4F24-98F1-224CAE16369C}
		{B6439DBF-69C9-4BA4-A6D7-80E28758D265} = {F084F081-0924-4F24-98F1-224CAE16369C}
	EndGlobalSection
EndGlobal
